
Microsoft Visual Studio Solution File, Format Version 12.00
# Visual Studio 15
Project("{FAE04EC0-301F-11D3-BF4B-00C04F79EFBC}") = "Unit_testing_project_4", "Unit_testing_project_4\Unit_testing_project_4.csproj", "{0552CC5B-A0A6-4BAC-AA63-C653982244E9}"
EndProject
Project("{FAE04EC0-301F-11D3-BF4B-00C04F79EFBC}") = "Equal_and_relation_operations_5", "Equal_and_relation_operations_5\Equal_and_relation_operations_5.csproj", "{6DEDB227-A48A-4BC5-A41B-DE69D3A0CC41}"
EndProject
Project("{FAE04EC0-301F-11D3-BF4B-00C04F79EFBC}") = "Classes_and_methods_6", "Classes_and_methods_6\Classes_and_methods_6.csproj", "{E57B039D-8B7B-4E15-AF4D-AA65BD9796F4}"
EndProject
Project("{FAE04EC0-301F-11D3-BF4B-00C04F79EFBC}") = "Repetition_8", "Repetition_8\Repetition_8.csproj", "{DB38F489-A77B-442D-9B8D-7C1E5E6C5550}"
EndProject
Project("{FAE04EC0-301F-11D3-BF4B-00C04F79EFBC}") = "Methods_9", "Methods_9\Methods_9.csproj", "{90911234-0F4D-42FE-BDDD-16C9EDB35317}"
EndProject
Project("{FAE04EC0-301F-11D3-BF4B-00C04F79EFBC}") = "Arrays_and_Lists_10", "Arrays_and_Lists_10\Arrays_and_Lists_10.csproj", "{80834B25-12A9-40A7-9D40-12F95A331EB7}"
EndProject
Project("{FAE04EC0-301F-11D3-BF4B-00C04F79EFBC}") = "Array_Coding_Quiz_10", "Array_Coding_Quiz_10\Array_Coding_Quiz_10.csproj", "{5F9F3E57-92A5-4364-8AE5-1C0E08CDFBCA}"
EndProject
Project("{FAE04EC0-301F-11D3-BF4B-00C04F79EFBC}") = "Advanced_OO_Topics_11", "Advanced_OO_Topics_11\Advanced_OO_Topics_11.csproj", "{69471BB6-1949-4DA2-BA4E-F5BE2BF54C50}"
EndProject
Project("{FAE04EC0-301F-11D3-BF4B-00C04F79EFBC}") = "Interfaces_12", "Interfaces_12\Interfaces_12.csproj", "{726867A9-0AE0-44BC-A16F-B5D6ED88900F}"
EndProject
Project("{FAE04EC0-301F-11D3-BF4B-00C04F79EFBC}") = "Interfaces_12_Tests", "Interfaces_12_Tests\Interfaces_12_Tests.csproj", "{0A4C1849-5EFA-48EB-8E2E-CAF48388932C}"
EndProject
Global
	GlobalSection(SolutionConfigurationPlatforms) = preSolution
		Debug|Any CPU = Debug|Any CPU
		Release|Any CPU = Release|Any CPU
	EndGlobalSection
	GlobalSection(ProjectConfigurationPlatforms) = postSolution
		{0552CC5B-A0A6-4BAC-AA63-C653982244E9}.Debug|Any CPU.ActiveCfg = Debug|Any CPU
		{0552CC5B-A0A6-4BAC-AA63-C653982244E9}.Release|Any CPU.ActiveCfg = Release|Any CPU
		{0552CC5B-A0A6-4BAC-AA63-C653982244E9}.Release|Any CPU.Build.0 = Release|Any CPU
		{0552CC5B-A0A6-4BAC-AA63-C653982244E9}.Debug|Any CPU.Build.0 = Debug|Any CPU
		{6DEDB227-A48A-4BC5-A41B-DE69D3A0CC41}.Debug|Any CPU.ActiveCfg = Debug|Any CPU
		{6DEDB227-A48A-4BC5-A41B-DE69D3A0CC41}.Release|Any CPU.ActiveCfg = Release|Any CPU
		{6DEDB227-A48A-4BC5-A41B-DE69D3A0CC41}.Release|Any CPU.Build.0 = Release|Any CPU
		{6DEDB227-A48A-4BC5-A41B-DE69D3A0CC41}.Debug|Any CPU.Build.0 = Debug|Any CPU
		{E57B039D-8B7B-4E15-AF4D-AA65BD9796F4}.Debug|Any CPU.ActiveCfg = Debug|Any CPU
		{E57B039D-8B7B-4E15-AF4D-AA65BD9796F4}.Release|Any CPU.ActiveCfg = Release|Any CPU
		{E57B039D-8B7B-4E15-AF4D-AA65BD9796F4}.Release|Any CPU.Build.0 = Release|Any CPU
		{E57B039D-8B7B-4E15-AF4D-AA65BD9796F4}.Debug|Any CPU.Build.0 = Debug|Any CPU
		{DB38F489-A77B-442D-9B8D-7C1E5E6C5550}.Debug|Any CPU.ActiveCfg = Debug|Any CPU
		{DB38F489-A77B-442D-9B8D-7C1E5E6C5550}.Debug|Any CPU.Build.0 = Debug|Any CPU
		{DB38F489-A77B-442D-9B8D-7C1E5E6C5550}.Release|Any CPU.ActiveCfg = Release|Any CPU
		{DB38F489-A77B-442D-9B8D-7C1E5E6C5550}.Release|Any CPU.Build.0 = Release|Any CPU
		{90911234-0F4D-42FE-BDDD-16C9EDB35317}.Debug|Any CPU.ActiveCfg = Debug|Any CPU
		{90911234-0F4D-42FE-BDDD-16C9EDB35317}.Debug|Any CPU.Build.0 = Debug|Any CPU
		{90911234-0F4D-42FE-BDDD-16C9EDB35317}.Release|Any CPU.ActiveCfg = Release|Any CPU
		{90911234-0F4D-42FE-BDDD-16C9EDB35317}.Release|Any CPU.Build.0 = Release|Any CPU
		{80834B25-12A9-40A7-9D40-12F95A331EB7}.Debug|Any CPU.ActiveCfg = Debug|Any CPU
		{80834B25-12A9-40A7-9D40-12F95A331EB7}.Debug|Any CPU.Build.0 = Debug|Any CPU
		{80834B25-12A9-40A7-9D40-12F95A331EB7}.Release|Any CPU.ActiveCfg = Release|Any CPU
		{80834B25-12A9-40A7-9D40-12F95A331EB7}.Release|Any CPU.Build.0 = Release|Any CPU
		{5F9F3E57-92A5-4364-8AE5-1C0E08CDFBCA}.Debug|Any CPU.ActiveCfg = Debug|Any CPU
		{5F9F3E57-92A5-4364-8AE5-1C0E08CDFBCA}.Debug|Any CPU.Build.0 = Debug|Any CPU
		{5F9F3E57-92A5-4364-8AE5-1C0E08CDFBCA}.Release|Any CPU.ActiveCfg = Release|Any CPU
		{5F9F3E57-92A5-4364-8AE5-1C0E08CDFBCA}.Release|Any CPU.Build.0 = Release|Any CPU
		{69471BB6-1949-4DA2-BA4E-F5BE2BF54C50}.Debug|Any CPU.ActiveCfg = Debug|Any CPU
		{69471BB6-1949-4DA2-BA4E-F5BE2BF54C50}.Debug|Any CPU.Build.0 = Debug|Any CPU
		{69471BB6-1949-4DA2-BA4E-F5BE2BF54C50}.Release|Any CPU.ActiveCfg = Release|Any CPU
		{69471BB6-1949-4DA2-BA4E-F5BE2BF54C50}.Release|Any CPU.Build.0 = Release|Any CPU
		{726867A9-0AE0-44BC-A16F-B5D6ED88900F}.Debug|Any CPU.ActiveCfg = Debug|Any CPU
		{726867A9-0AE0-44BC-A16F-B5D6ED88900F}.Debug|Any CPU.Build.0 = Debug|Any CPU
		{726867A9-0AE0-44BC-A16F-B5D6ED88900F}.Release|Any CPU.ActiveCfg = Release|Any CPU
		{726867A9-0AE0-44BC-A16F-B5D6ED88900F}.Release|Any CPU.Build.0 = Release|Any CPU
		{0A4C1849-5EFA-48EB-8E2E-CAF48388932C}.Debug|Any CPU.ActiveCfg = Debug|Any CPU
		{0A4C1849-5EFA-48EB-8E2E-CAF48388932C}.Debug|Any CPU.Build.0 = Debug|Any CPU
		{0A4C1849-5EFA-48EB-8E2E-CAF48388932C}.Release|Any CPU.ActiveCfg = Release|Any CPU
		{0A4C1849-5EFA-48EB-8E2E-CAF48388932C}.Release|Any CPU.Build.0 = Release|Any CPU
	EndGlobalSection
EndGlobal
